
Microsoft Visual Studio Solution File, Format Version 12.00
# Visual Studio Version 17
VisualStudioVersion = 17.5.002.0
MinimumVisualStudioVersion = 10.0.40219.1
Project("{9A19103F-16F7-4668-BE54-9A1E7A4F7556}") = "AntiGravity", "AntiGravity.csproj", "{72020BDD-FC61-4B4E-94B0-E37C308FF6E7}"
EndProject
Global
	GlobalSection(SolutionConfigurationPlatforms) = preSolution
		Debug|Any CPU = Debug|Any CPU
		Release|Any CPU = Release|Any CPU
	EndGlobalSection
	GlobalSection(ProjectConfigurationPlatforms) = postSolution
		{72020BDD-FC61-4B4E-94B0-E37C308FF6E7}.Debug|Any CPU.ActiveCfg = Debug|Any CPU
		{72020BDD-FC61-4B4E-94B0-E37C308FF6E7}.Debug|Any CPU.Build.0 = Debug|Any CPU
		{72020BDD-FC61-4B4E-94B0-E37C308FF6E7}.Release|Any CPU.ActiveCfg = Release|Any CPU
		{72020BDD-FC61-4B4E-94B0-E37C308FF6E7}.Release|Any CPU.Build.0 = Release|Any CPU
	EndGlobalSection
	GlobalSection(SolutionProperties) = preSolution
		HideSolutionNode = FALSE
	EndGlobalSection
	GlobalSection(ExtensibilityGlobals) = postSolution
		SolutionGuid = {22E7ECAF-EB12-4DCA-895D-681766BE17A3}
	EndGlobalSection
EndGlobal
